
Microsoft Visual Studio Solution File, Format Version 12.00
# Visual Studio 15
VisualStudioVersion = 15.0.28307.960
MinimumVisualStudioVersion = 10.0.40219.1
Project("{FAE04EC0-301F-11D3-BF4B-00C04F79EFBC}") = "Bigdata", "Bigdata\Bigdata.csproj", "{2616B138-B444-478D-A204-416FDE879F96}"
EndProject
Global
	GlobalSection(SolutionConfigurationPlatforms) = preSolution
		Debug|Any CPU = Debug|Any CPU
		Release|Any CPU = Release|Any CPU
	EndGlobalSection
	GlobalSection(ProjectConfigurationPlatforms) = postSolution
		{2616B138-B444-478D-A204-416FDE879F96}.Debug|Any CPU.ActiveCfg = Debug|Any CPU
		{2616B138-B444-478D-A204-416FDE879F96}.Debug|Any CPU.Build.0 = Debug|Any CPU
		{2616B138-B444-478D-A204-416FDE879F96}.Release|Any CPU.ActiveCfg = Release|Any CPU
		{2616B138-B444-478D-A204-416FDE879F96}.Release|Any CPU.Build.0 = Release|Any CPU
	EndGlobalSection
	GlobalSection(SolutionProperties) = preSolution
		HideSolutionNode = FALSE
	EndGlobalSection
	GlobalSection(ExtensibilityGlobals) = postSolution
		SolutionGuid = {0BAA9E5F-AF88-4B14-B72B-7E7B52D81511}
	EndGlobalSection
EndGlobal
